
Microsoft Visual Studio Solution File, Format Version 12.00
# Visual Studio Version 16
VisualStudioVersion = 16.0.30626.31
MinimumVisualStudioVersion = 10.0.40219.1
Project("{FAE04EC0-301F-11D3-BF4B-00C04F79EFBC}") = "Uncontrolled", "Uncontrolled\Uncontrolled.csproj", "{A9FFAC5C-D745-4306-A843-23F6073363A0}"
EndProject
Global
	GlobalSection(SolutionConfigurationPlatforms) = preSolution
		Debug|Any CPU = Debug|Any CPU
		Release|Any CPU = Release|Any CPU
	EndGlobalSection
	GlobalSection(ProjectConfigurationPlatforms) = postSolution
		{A9FFAC5C-D745-4306-A843-23F6073363A0}.Debug|Any CPU.ActiveCfg = Debug|Any CPU
		{A9FFAC5C-D745-4306-A843-23F6073363A0}.Debug|Any CPU.Build.0 = Debug|Any CPU
		{A9FFAC5C-D745-4306-A843-23F6073363A0}.Release|Any CPU.ActiveCfg = Release|Any CPU
		{A9FFAC5C-D745-4306-A843-23F6073363A0}.Release|Any CPU.Build.0 = Release|Any CPU
	EndGlobalSection
	GlobalSection(SolutionProperties) = preSolution
		HideSolutionNode = FALSE
	EndGlobalSection
	GlobalSection(ExtensibilityGlobals) = postSolution
		SolutionGuid = {64AB53AE-A1F1-4FB0-A6BA-5155981FACB0}
	EndGlobalSection
EndGlobal
